// !$*UTF8*$!
{
	archiveVersion = 1;
	classes = {
	};
	objectVersion = 50;
	objects = {

/* Begin PBXBuildFile section */
		0FEC4913790F9C0E75862BF7 /* Pods_EnglishNewsApp.framework in Frameworks */ = {isa = PBXBuildFile; fileRef = 8AD228D37AA12033B52E3532 /* Pods_EnglishNewsApp.framework */; };
		2813A3DE2148B39500F191C9 /* AppDelegate.swift in Sources */ = {isa = PBXBuildFile; fileRef = 2813A3DD2148B39500F191C9 /* AppDelegate.swift */; };
		2813A3E02148B39500F191C9 /* ViewController.swift in Sources */ = {isa = PBXBuildFile; fileRef = 2813A3DF2148B39500F191C9 /* ViewController.swift */; };
		2813A3E32148B39500F191C9 /* Main.storyboard in Resources */ = {isa = PBXBuildFile; fileRef = 2813A3E12148B39500F191C9 /* Main.storyboard */; };
		2813A3E52148B39B00F191C9 /* Assets.xcassets in Resources */ = {isa = PBXBuildFile; fileRef = 2813A3E42148B39B00F191C9 /* Assets.xcassets */; };
		2813A3E82148B39B00F191C9 /* LaunchScreen.storyboard in Resources */ = {isa = PBXBuildFile; fileRef = 2813A3E62148B39B00F191C9 /* LaunchScreen.storyboard */; };
		2813A3F02148B8F800F191C9 /* PagingMenuViewController1.swift in Sources */ = {isa = PBXBuildFile; fileRef = 2813A3EF2148B8F800F191C9 /* PagingMenuViewController1.swift */; };
		2813A3F22148B90700F191C9 /* PagingMenuViewController2.swift in Sources */ = {isa = PBXBuildFile; fileRef = 2813A3F12148B90700F191C9 /* PagingMenuViewController2.swift */; };
		2813A3F42148B91600F191C9 /* PagingMenuViewController3.swift in Sources */ = {isa = PBXBuildFile; fileRef = 2813A3F32148B91600F191C9 /* PagingMenuViewController3.swift */; };
		28210D0A21A4048100C51F5D /* LoginViewController.swift in Sources */ = {isa = PBXBuildFile; fileRef = 28210D0921A4048100C51F5D /* LoginViewController.swift */; };
		28E59A9B21A3A8490093715D /* GoogleService-Info.plist in Resources */ = {isa = PBXBuildFile; fileRef = 28E59A9A21A3A8480093715D /* GoogleService-Info.plist */; };
		28E59A9D21A3FFAB0093715D /* SignUpViewController.swift in Sources */ = {isa = PBXBuildFile; fileRef = 28E59A9C21A3FFAB0093715D /* SignUpViewController.swift */; };
/* End PBXBuildFile section */

/* Begin PBXFileReference section */
		076FD41DF3CEF25F2FC78007 /* Pods-EnglishNewsApp.release.xcconfig */ = {isa = PBXFileReference; includeInIndex = 1; lastKnownFileType = text.xcconfig; name = "Pods-EnglishNewsApp.release.xcconfig"; path = "Pods/Target Support Files/Pods-EnglishNewsApp/Pods-EnglishNewsApp.release.xcconfig"; sourceTree = "<group>"; };
		2813A3DA2148B39500F191C9 /* EnglishNewsApp.app */ = {isa = PBXFileReference; explicitFileType = wrapper.application; includeInIndex = 0; path = EnglishNewsApp.app; sourceTree = BUILT_PRODUCTS_DIR; };
		2813A3DD2148B39500F191C9 /* AppDelegate.swift */ = {isa = PBXFileReference; lastKnownFileType = sourcecode.swift; path = AppDelegate.swift; sourceTree = "<group>"; };
		2813A3DF2148B39500F191C9 /* ViewController.swift */ = {isa = PBXFileReference; lastKnownFileType = sourcecode.swift; path = ViewController.swift; sourceTree = "<group>"; };
		2813A3E22148B39500F191C9 /* Base */ = {isa = PBXFileReference; lastKnownFileType = file.storyboard; name = Base; path = Base.lproj/Main.storyboard; sourceTree = "<group>"; };
		2813A3E42148B39B00F191C9 /* Assets.xcassets */ = {isa = PBXFileReference; lastKnownFileType = folder.assetcatalog; path = Assets.xcassets; sourceTree = "<group>"; };
		2813A3E72148B39B00F191C9 /* Base */ = {isa = PBXFileReference; lastKnownFileType = file.storyboard; name = Base; path = Base.lproj/LaunchScreen.storyboard; sourceTree = "<group>"; };
		2813A3E92148B39B00F191C9 /* Info.plist */ = {isa = PBXFileReference; lastKnownFileType = text.plist.xml; path = Info.plist; sourceTree = "<group>"; };
		2813A3EF2148B8F800F191C9 /* PagingMenuViewController1.swift */ = {isa = PBXFileReference; lastKnownFileType = sourcecode.swift; path = PagingMenuViewController1.swift; sourceTree = "<group>"; };
		2813A3F12148B90700F191C9 /* PagingMenuViewController2.swift */ = {isa = PBXFileReference; lastKnownFileType = sourcecode.swift; path = PagingMenuViewController2.swift; sourceTree = "<group>"; };
		2813A3F32148B91600F191C9 /* PagingMenuViewController3.swift */ = {isa = PBXFileReference; lastKnownFileType = sourcecode.swift; path = PagingMenuViewController3.swift; sourceTree = "<group>"; };
		28210D0921A4048100C51F5D /* LoginViewController.swift */ = {isa = PBXFileReference; lastKnownFileType = sourcecode.swift; name = LoginViewController.swift; path = Assets.xcassets/LoginViewController.swift; sourceTree = "<group>"; };
		28E59A9A21A3A8480093715D /* GoogleService-Info.plist */ = {isa = PBXFileReference; fileEncoding = 4; lastKnownFileType = text.plist.xml; path = "GoogleService-Info.plist"; sourceTree = "<group>"; };
		28E59A9C21A3FFAB0093715D /* SignUpViewController.swift */ = {isa = PBXFileReference; lastKnownFileType = sourcecode.swift; path = SignUpViewController.swift; sourceTree = "<group>"; };
		8AD228D37AA12033B52E3532 /* Pods_EnglishNewsApp.framework */ = {isa = PBXFileReference; explicitFileType = wrapper.framework; includeInIndex = 0; path = Pods_EnglishNewsApp.framework; sourceTree = BUILT_PRODUCTS_DIR; };
		95F4B8B7F9BD242496F949FE /* Pods-EnglishNewsApp.debug.xcconfig */ = {isa = PBXFileReference; includeInIndex = 1; lastKnownFileType = text.xcconfig; name = "Pods-EnglishNewsApp.debug.xcconfig"; path = "Pods/Target Support Files/Pods-EnglishNewsApp/Pods-EnglishNewsApp.debug.xcconfig"; sourceTree = "<group>"; };
/* End PBXFileReference section */

/* Begin PBXFrameworksBuildPhase section */
		2813A3D72148B39500F191C9 /* Frameworks */ = {
			isa = PBXFrameworksBuildPhase;
			buildActionMask = 2147483647;
			files = (
				0FEC4913790F9C0E75862BF7 /* Pods_EnglishNewsApp.framework in Frameworks */,
			);
			runOnlyForDeploymentPostprocessing = 0;
		};
/* End PBXFrameworksBuildPhase section */

/* Begin PBXGroup section */
		1918F65405A93A975D5FDB8A /* Pods */ = {
			isa = PBXGroup;
			children = (
				95F4B8B7F9BD242496F949FE /* Pods-EnglishNewsApp.debug.xcconfig */,
				076FD41DF3CEF25F2FC78007 /* Pods-EnglishNewsApp.release.xcconfig */,
			);
			name = Pods;
			sourceTree = "<group>";
		};
		2813A3D12148B39400F191C9 = {
			isa = PBXGroup;
			children = (
				2813A3DC2148B39500F191C9 /* EnglishNewsApp */,
				2813A3DB2148B39500F191C9 /* Products */,
				1918F65405A93A975D5FDB8A /* Pods */,
				DC8CC13C7A1489E9EA032984 /* Frameworks */,
			);
			sourceTree = "<group>";
		};
		2813A3DB2148B39500F191C9 /* Products */ = {
			isa = PBXGroup;
			children = (
				2813A3DA2148B39500F191C9 /* EnglishNewsApp.app */,
			);
			name = Products;
			sourceTree = "<group>";
		};
		2813A3DC2148B39500F191C9 /* EnglishNewsApp */ = {
			isa = PBXGroup;
			children = (
				28E59A9A21A3A8480093715D /* GoogleService-Info.plist */,
				2813A3DD2148B39500F191C9 /* AppDelegate.swift */,
				2813A3DF2148B39500F191C9 /* ViewController.swift */,
				28E59A9C21A3FFAB0093715D /* SignUpViewController.swift */,
				2813A3EF2148B8F800F191C9 /* PagingMenuViewController1.swift */,
				2813A3F12148B90700F191C9 /* PagingMenuViewController2.swift */,
				2813A3F32148B91600F191C9 /* PagingMenuViewController3.swift */,
				2813A3E12148B39500F191C9 /* Main.storyboard */,
				28210D0921A4048100C51F5D /* LoginViewController.swift */,
				2813A3E42148B39B00F191C9 /* Assets.xcassets */,
				2813A3E62148B39B00F191C9 /* LaunchScreen.storyboard */,
				2813A3E92148B39B00F191C9 /* Info.plist */,
			);
			path = EnglishNewsApp;
			sourceTree = "<group>";
		};
		DC8CC13C7A1489E9EA032984 /* Frameworks */ = {
			isa = PBXGroup;
			children = (
				8AD228D37AA12033B52E3532 /* Pods_EnglishNewsApp.framework */,
			);
			name = Frameworks;
			sourceTree = "<group>";
		};
/* End PBXGroup section */

/* Begin PBXNativeTarget section */
		2813A3D92148B39500F191C9 /* EnglishNewsApp */ = {
			isa = PBXNativeTarget;
			buildConfigurationList = 2813A3EC2148B39B00F191C9 /* Build configuration list for PBXNativeTarget "EnglishNewsApp" */;
			buildPhases = (
				FD538030FFFAF6B1C97FDD28 /* [CP] Check Pods Manifest.lock */,
				2813A3D62148B39500F191C9 /* Sources */,
				2813A3D72148B39500F191C9 /* Frameworks */,
				2813A3D82148B39500F191C9 /* Resources */,
				A8AC32A1DC9E328D846D02AA /* [CP] Embed Pods Frameworks */,
			);
			buildRules = (
			);
			dependencies = (
			);
			name = EnglishNewsApp;
			productName = EnglishNewsApp;
			productReference = 2813A3DA2148B39500F191C9 /* EnglishNewsApp.app */;
			productType = "com.apple.product-type.application";
		};
/* End PBXNativeTarget section */

/* Begin PBXProject section */
		2813A3D22148B39500F191C9 /* Project object */ = {
			isa = PBXProject;
			attributes = {
				LastSwiftUpdateCheck = 0940;
				LastUpgradeCheck = 0940;
				ORGANIZATIONNAME = "Ryosuke Mikami";
				TargetAttributes = {
					2813A3D92148B39500F191C9 = {
						CreatedOnToolsVersion = 9.4.1;
					};
				};
			};
			buildConfigurationList = 2813A3D52148B39500F191C9 /* Build configuration list for PBXProject "EnglishNewsApp" */;
			compatibilityVersion = "Xcode 9.3";
			developmentRegion = en;
			hasScannedForEncodings = 0;
			knownRegions = (
				en,
				Base,
			);
			mainGroup = 2813A3D12148B39400F191C9;
			productRefGroup = 2813A3DB2148B39500F191C9 /* Products */;
			projectDirPath = "";
			projectRoot = "";
			targets = (
				2813A3D92148B39500F191C9 /* EnglishNewsApp */,
			);
		};
/* End PBXProject section */

/* Begin PBXResourcesBuildPhase section */
		2813A3D82148B39500F191C9 /* Resources */ = {
			isa = PBXResourcesBuildPhase;
			buildActionMask = 2147483647;
			files = (
				2813A3E82148B39B00F191C9 /* LaunchScreen.storyboard in Resources */,
				28E59A9B21A3A8490093715D /* GoogleService-Info.plist in Resources */,
				2813A3E52148B39B00F191C9 /* Assets.xcassets in Resources */,
				2813A3E32148B39500F191C9 /* Main.storyboard in Resources */,
			);
			runOnlyForDeploymentPostprocessing = 0;
		};
/* End PBXResourcesBuildPhase section */

/* Begin PBXShellScriptBuildPhase section */
		A8AC32A1DC9E328D846D02AA /* [CP] Embed Pods Frameworks */ = {
			isa = PBXShellScriptBuildPhase;
			buildActionMask = 2147483647;
			files = (
			);
			inputPaths = (
				"${SRCROOT}/Pods/Target Support Files/Pods-EnglishNewsApp/Pods-EnglishNewsApp-frameworks.sh",
				"${BUILT_PRODUCTS_DIR}/GTMSessionFetcher/GTMSessionFetcher.framework",
				"${BUILT_PRODUCTS_DIR}/GoogleUtilities/GoogleUtilities.framework",
				"${BUILT_PRODUCTS_DIR}/PagingMenuController/PagingMenuController.framework",
				"${BUILT_PRODUCTS_DIR}/TOWebViewController/TOWebViewController.framework",
				"${BUILT_PRODUCTS_DIR}/nanopb/nanopb.framework",
			);
			name = "[CP] Embed Pods Frameworks";
			outputPaths = (
				"${TARGET_BUILD_DIR}/${FRAMEWORKS_FOLDER_PATH}/GTMSessionFetcher.framework",
				"${TARGET_BUILD_DIR}/${FRAMEWORKS_FOLDER_PATH}/GoogleUtilities.framework",
				"${TARGET_BUILD_DIR}/${FRAMEWORKS_FOLDER_PATH}/PagingMenuController.framework",
				"${TARGET_BUILD_DIR}/${FRAMEWORKS_FOLDER_PATH}/TOWebViewController.framework",
				"${TARGET_BUILD_DIR}/${FRAMEWORKS_FOLDER_PATH}/nanopb.framework",
			);
			runOnlyForDeploymentPostprocessing = 0;
			shellPath = /bin/sh;
			shellScript = "\"${SRCROOT}/Pods/Target Support Files/Pods-EnglishNewsApp/Pods-EnglishNewsApp-frameworks.sh\"\n";
			showEnvVarsInLog = 0;
		};
		FD538030FFFAF6B1C97FDD28 /* [CP] Check Pods Manifest.lock */ = {
			isa = PBXShellScriptBuildPhase;
			buildActionMask = 2147483647;
			files = (
			);
			inputPaths = (
				"${PODS_PODFILE_DIR_PATH}/Podfile.lock",
				"${PODS_ROOT}/Manifest.lock",
			);
			name = "[CP] Check Pods Manifest.lock";
			outputPaths = (
				"$(DERIVED_FILE_DIR)/Pods-EnglishNewsApp-checkManifestLockResult.txt",
			);
			runOnlyForDeploymentPostprocessing = 0;
			shellPath = /bin/sh;
			shellScript = "diff \"${PODS_PODFILE_DIR_PATH}/Podfile.lock\" \"${PODS_ROOT}/Manifest.lock\" > /dev/null\nif [ $? != 0 ] ; then\n    # print error to STDERR\n    echo \"error: The sandbox is not in sync with the Podfile.lock. Run 'pod install' or update your CocoaPods installation.\" >&2\n    exit 1\nfi\n# This output is used by Xcode 'outputs' to avoid re-running this script phase.\necho \"SUCCESS\" > \"${SCRIPT_OUTPUT_FILE_0}\"\n";
			showEnvVarsInLog = 0;
		};
/* End PBXShellScriptBuildPhase section */

/* Begin PBXSourcesBuildPhase section */
		2813A3D62148B39500F191C9 /* Sources */ = {
			isa = PBXSourcesBuildPhase;
			buildActionMask = 2147483647;
			files = (
				28210D0A21A4048100C51F5D /* LoginViewController.swift in Sources */,
				28E59A9D21A3FFAB0093715D /* SignUpViewController.swift in Sources */,
				2813A3F42148B91600F191C9 /* PagingMenuViewController3.swift in Sources */,
				2813A3E02148B39500F191C9 /* ViewController.swift in Sources */,
				2813A3DE2148B39500F191C9 /* AppDelegate.swift in Sources */,
				2813A3F22148B90700F191C9 /* PagingMenuViewController2.swift in Sources */,
				2813A3F02148B8F800F191C9 /* PagingMenuViewController1.swift in Sources */,
			);
			runOnlyForDeploymentPostprocessing = 0;
		};
/* End PBXSourcesBuildPhase section */

/* Begin PBXVariantGroup section */
		2813A3E12148B39500F191C9 /* Main.storyboard */ = {
			isa = PBXVariantGroup;
			children = (
				2813A3E22148B39500F191C9 /* Base */,
			);
			name = Main.storyboard;
			sourceTree = "<group>";
		};
		2813A3E62148B39B00F191C9 /* LaunchScreen.storyboard */ = {
			isa = PBXVariantGroup;
			children = (
				2813A3E72148B39B00F191C9 /* Base */,
			);
			name = LaunchScreen.storyboard;
			sourceTree = "<group>";
		};
/* End PBXVariantGroup section */

/* Begin XCBuildConfiguration section */
		2813A3EA2148B39B00F191C9 /* Debug */ = {
			isa = XCBuildConfiguration;
			buildSettings = {
				ALWAYS_SEARCH_USER_PATHS = NO;
				CLANG_ANALYZER_NONNULL = YES;
				CLANG_ANALYZER_NUMBER_OBJECT_CONVERSION = YES_AGGRESSIVE;
				CLANG_CXX_LANGUAGE_STANDARD = "gnu++14";
				CLANG_CXX_LIBRARY = "libc++";
				CLANG_ENABLE_MODULES = YES;
				CLANG_ENABLE_OBJC_ARC = YES;
				CLANG_ENABLE_OBJC_WEAK = YES;
				CLANG_WARN_BLOCK_CAPTURE_AUTORELEASING = YES;
				CLANG_WARN_BOOL_CONVERSION = YES;
				CLANG_WARN_COMMA = YES;
				CLANG_WARN_CONSTANT_CONVERSION = YES;
				CLANG_WARN_DEPRECATED_OBJC_IMPLEMENTATIONS = YES;
				CLANG_WARN_DIRECT_OBJC_ISA_USAGE = YES_ERROR;
				CLANG_WARN_DOCUMENTATION_COMMENTS = YES;
				CLANG_WARN_EMPTY_BODY = YES;
				CLANG_WARN_ENUM_CONVERSION = YES;
				CLANG_WARN_INFINITE_RECURSION = YES;
				CLANG_WARN_INT_CONVERSION = YES;
				CLANG_WARN_NON_LITERAL_NULL_CONVERSION = YES;
				CLANG_WARN_OBJC_IMPLICIT_RETAIN_SELF = YES;
				CLANG_WARN_OBJC_LITERAL_CONVERSION = YES;
				CLANG_WARN_OBJC_ROOT_CLASS = YES_ERROR;
				CLANG_WARN_RANGE_LOOP_ANALYSIS = YES;
				CLANG_WARN_STRICT_PROTOTYPES = YES;
				CLANG_WARN_SUSPICIOUS_MOVE = YES;
				CLANG_WARN_UNGUARDED_AVAILABILITY = YES_AGGRESSIVE;
				CLANG_WARN_UNREACHABLE_CODE = YES;
				CLANG_WARN__DUPLICATE_METHOD_MATCH = YES;
				CODE_SIGN_IDENTITY = "iPhone Developer";
				COPY_PHASE_STRIP = NO;
				DEBUG_INFORMATION_FORMAT = dwarf;
				ENABLE_STRICT_OBJC_MSGSEND = YES;
				ENABLE_TESTABILITY = YES;
				GCC_C_LANGUAGE_STANDARD = gnu11;
				GCC_DYNAMIC_NO_PIC = NO;
				GCC_NO_COMMON_BLOCKS = YES;
				GCC_OPTIMIZATION_LEVEL = 0;
				GCC_PREPROCESSOR_DEFINITIONS = (
					"DEBUG=1",
					"$(inherited)",
				);
				GCC_WARN_64_TO_32_BIT_CONVERSION = YES;
				GCC_WARN_ABOUT_RETURN_TYPE = YES_ERROR;
				GCC_WARN_UNDECLARED_SELECTOR = YES;
				GCC_WARN_UNINITIALIZED_AUTOS = YES_AGGRESSIVE;
				GCC_WARN_UNUSED_FUNCTION = YES;
				GCC_WARN_UNUSED_VARIABLE = YES;
				IPHONEOS_DEPLOYMENT_TARGET = 11.4;
				MTL_ENABLE_DEBUG_INFO = YES;
				ONLY_ACTIVE_ARCH = NO;
				SDKROOT = iphoneos;
				SWIFT_ACTIVE_COMPILATION_CONDITIONS = DEBUG;
				SWIFT_OPTIMIZATION_LEVEL = "-Onone";
			};
			name = Debug;
		};
		2813A3EB2148B39B00F191C9 /* Release */ = {
			isa = XCBuildConfiguration;
			buildSettings = {
				ALWAYS_SEARCH_USER_PATHS = NO;
				CLANG_ANALYZER_NONNULL = YES;
				CLANG_ANALYZER_NUMBER_OBJECT_CONVERSION = YES_AGGRESSIVE;
				CLANG_CXX_LANGUAGE_STANDARD = "gnu++14";
				CLANG_CXX_LIBRARY = "libc++";
				CLANG_ENABLE_MODULES = YES;
				CLANG_ENABLE_OBJC_ARC = YES;
				CLANG_ENABLE_OBJC_WEAK = YES;
				CLANG_WARN_BLOCK_CAPTURE_AUTORELEASING = YES;
				CLANG_WARN_BOOL_CONVERSION = YES;
				CLANG_WARN_COMMA = YES;
				CLANG_WARN_CONSTANT_CONVERSION = YES;
				CLANG_WARN_DEPRECATED_OBJC_IMPLEMENTATIONS = YES;
				CLANG_WARN_DIRECT_OBJC_ISA_USAGE = YES_ERROR;
				CLANG_WARN_DOCUMENTATION_COMMENTS = YES;
				CLANG_WARN_EMPTY_BODY = YES;
				CLANG_WARN_ENUM_CONVERSION = YES;
				CLANG_WARN_INFINITE_RECURSION = YES;
				CLANG_WARN_INT_CONVERSION = YES;
				CLANG_WARN_NON_LITERAL_NULL_CONVERSION = YES;
				CLANG_WARN_OBJC_IMPLICIT_RETAIN_SELF = YES;
				CLANG_WARN_OBJC_LITERAL_CONVERSION = YES;
				CLANG_WARN_OBJC_ROOT_CLASS = YES_ERROR;
				CLANG_WARN_RANGE_LOOP_ANALYSIS = YES;
				CLANG_WARN_STRICT_PROTOTYPES = YES;
				CLANG_WARN_SUSPICIOUS_MOVE = YES;
				CLANG_WARN_UNGUARDED_AVAILABILITY = YES_AGGRESSIVE;
				CLANG_WARN_UNREACHABLE_CODE = YES;
				CLANG_WARN__DUPLICATE_METHOD_MATCH = YES;
				CODE_SIGN_IDENTITY = "iPhone Developer";
				COPY_PHASE_STRIP = NO;
				DEBUG_INFORMATION_FORMAT = "dwarf-with-dsym";
				ENABLE_NS_ASSERTIONS = NO;
				ENABLE_STRICT_OBJC_MSGSEND = YES;
				GCC_C_LANGUAGE_STANDARD = gnu11;
				GCC_NO_COMMON_BLOCKS = YES;
				GCC_WARN_64_TO_32_BIT_CONVERSION = YES;
				GCC_WARN_ABOUT_RETURN_TYPE = YES_ERROR;
				GCC_WARN_UNDECLARED_SELECTOR = YES;
				GCC_WARN_UNINITIALIZED_AUTOS = YES_AGGRESSIVE;
				GCC_WARN_UNUSED_FUNCTION = YES;
				GCC_WARN_UNUSED_VARIABLE = YES;
				IPHONEOS_DEPLOYMENT_TARGET = 11.4;
				MTL_ENABLE_DEBUG_INFO = NO;
				ONLY_ACTIVE_ARCH = NO;
				SDKROOT = iphoneos;
				SWIFT_COMPILATION_MODE = wholemodule;
				SWIFT_OPTIMIZATION_LEVEL = "-O";
				VALIDATE_PRODUCT = YES;
			};
			name = Release;
		};
		2813A3ED2148B39B00F191C9 /* Debug */ = {
			isa = XCBuildConfiguration;
			baseConfigurationReference = 95F4B8B7F9BD242496F949FE /* Pods-EnglishNewsApp.debug.xcconfig */;
			buildSettings = {
				ASSETCATALOG_COMPILER_APPICON_NAME = AppIcon;
				CODE_SIGN_STYLE = Automatic;
				INFOPLIST_FILE = EnglishNewsApp/Info.plist;
				LD_RUNPATH_SEARCH_PATHS = (
					"$(inherited)",
					"@executable_path/Frameworks",
				);
				PRODUCT_BUNDLE_IDENTIFIER = com.example.EnglishNewsApp;
				PRODUCT_NAME = "$(TARGET_NAME)";
				SWIFT_VERSION = 4.0;
				TARGETED_DEVICE_FAMILY = "1,2";
			};
			name = Debug;
		};
		2813A3EE2148B39B00F191C9 /* Release */ = {
			isa = XCBuildConfiguration;
			baseConfigurationReference = 076FD41DF3CEF25F2FC78007 /* Pods-EnglishNewsApp.release.xcconfig */;
			buildSettings = {
				ASSETCATALOG_COMPILER_APPICON_NAME = AppIcon;
				CODE_SIGN_STYLE = Automatic;
				INFOPLIST_FILE = EnglishNewsApp/Info.plist;
				LD_RUNPATH_SEARCH_PATHS = (
					"$(inherited)",
					"@executable_path/Frameworks",
				);
				PRODUCT_BUNDLE_IDENTIFIER = com.example.EnglishNewsApp;
				PRODUCT_NAME = "$(TARGET_NAME)";
				SWIFT_VERSION = 4.0;
				TARGETED_DEVICE_FAMILY = "1,2";
			};
			name = Release;
		};
/* End XCBuildConfiguration section */

/* Begin XCConfigurationList section */
		2813A3D52148B39500F191C9 /* Build configuration list for PBXProject "EnglishNewsApp" */ = {
			isa = XCConfigurationList;
			buildConfigurations = (
				2813A3EA2148B39B00F191C9 /* Debug */,
				2813A3EB2148B39B00F191C9 /* Release */,
			);
			defaultConfigurationIsVisible = 0;
			defaultConfigurationName = Release;
		};
		2813A3EC2148B39B00F191C9 /* Build configuration list for PBXNativeTarget "EnglishNewsApp" */ = {
			isa = XCConfigurationList;
			buildConfigurations = (
				2813A3ED2148B39B00F191C9 /* Debug */,
				2813A3EE2148B39B00F191C9 /* Release */,
			);
			defaultConfigurationIsVisible = 0;
			defaultConfigurationName = Release;
		};
/* End XCConfigurationList section */
	};
	rootObject = 2813A3D22148B39500F191C9 /* Project object */;
}
